{
    "_meta": {
        "hash": {
            "sha256": "c843f41a9e804f3c70bb42a61e2173a19685e2c69a92d4f5e09c7af1f6ae6bda"
        },
        "pipfile-spec": 6,
        "requires": {
            "python_version": "3.12"
        },
        "sources": [
            {
                "name": "pypi",
                "url": "https://pypi.org/simple",
                "verify_ssl": true
            }
        ]
    },
    "default": {
        "annotated-types": {
            "hashes": [
                "sha256:1f02e8b43a8fbbc3f3e0d4f0f4bfc8131bcb4eebe8849b8e5c773f3a1c582a53",
                "sha256:aff07c09a53a08bc8cfccb9c85b05f1aa9a2a6f23728d790723543408344ce89"
            ],
            "markers": "python_version >= '3.8'",
            "version": "==0.7.0"
        },
        "anyio": {
            "hashes": [
                "sha256:5aadc6a1bbb7cdb0bede386cac5e2940f5e2ff3aa20277e991cf028e0585ce94",
                "sha256:c1b2d8f46a8a812513012e1107cb0e68c17159a7a594208005a57dc776e1bdc7"
            ],
            "markers": "python_version >= '3.8'",
            "version": "==4.4.0"
        },
        "blinker": {
            "hashes": [
                "sha256:1779309f71bf239144b9399d06ae925637cf6634cf6bd131104184531bf67c01",
                "sha256:8f77b09d3bf7c795e969e9486f39c2c5e9c39d4ee07424be2bc594ece9642d83"
            ],
            "markers": "python_version >= '3.8'",
            "version": "==1.8.2"
        },
        "certifi": {
            "hashes": [
                "sha256:5a1e7645bc0ec61a09e26c36f6106dd4cf40c6db3a1fb6352b0244e7fb057c7b",
                "sha256:c198e21b1289c2ab85ee4e67bb4b4ef3ead0892059901a8d5b622f24a1101e90"
            ],
            "markers": "python_version >= '3.6'",
            "version": "==2024.7.4"
        },
        "click": {
            "hashes": [
                "sha256:ae74fb96c20a0277a1d615f1e4d73c8414f5a98db8b799a7931d1582f3390c28",
                "sha256:ca9853ad459e787e2192211578cc907e7594e294c7ccc834310722b41b9ca6de"
            ],
            "markers": "python_version >= '3.7'",
            "version": "==8.1.7"
        },
        "distro": {
            "hashes": [
                "sha256:2fa77c6fd8940f116ee1d6b94a2f90b13b5ea8d019b98bc8bafdcabcdd9bdbed",
                "sha256:7bffd925d65168f85027d8da9af6bddab658135b840670a223589bc0c8ef02b2"
            ],
            "markers": "python_version >= '3.6'",
            "version": "==1.9.0"
        },
        "dnspython": {
            "hashes": [
                "sha256:5ef3b9680161f6fa89daf8ad451b5f1a33b18ae8a1c6778cdf4b43f08c0a6e50",
                "sha256:e8f0f9c23a7b7cb99ded64e6c3a6f3e701d78f50c55e002b839dea7225cff7cc"
            ],
            "markers": "python_version >= '3.8'",
            "version": "==2.6.1"
        },
        "flask": {
            "hashes": [
                "sha256:34e815dfaa43340d1d15a5c3a02b8476004037eb4840b34910c6e21679d288f3",
                "sha256:ceb27b0af3823ea2737928a4d99d125a06175b8512c445cbd9a9ce200ef76842"
            ],
            "index": "pypi",
            "markers": "python_version >= '3.8'",
            "version": "==3.0.3"
        },
        "h11": {
            "hashes": [
                "sha256:8f19fbbe99e72420ff35c00b27a34cb9937e902a8b810e2c88300c6f0a3b699d",
                "sha256:e3fe4ac4b851c468cc8363d500db52c2ead036020723024a109d37346efaa761"
            ],
            "markers": "python_version >= '3.7'",
            "version": "==0.14.0"
        },
        "hiredis": {
            "hashes": [
                "sha256:00018f22f38530768b73ea86c11f47e8d4df65facd4e562bd78773bd1baef35e",
                "sha256:034925b5fb514f7b11aac38cd55b3fd7e9d3af23bd6497f3f20aa5b8ba58e232",
                "sha256:038756db735e417ab36ee6fd7725ce412385ed2bd0767e8179a4755ea11b804f",
                "sha256:04ccae6dcd9647eae6025425ab64edb4d79fde8b9e6e115ebfabc6830170e3b2",
                "sha256:0aacc0a78e1d94d843a6d191f224a35893e6bdfeb77a4a89264155015c65f126",
                "sha256:0bb6f9fd92f147ba11d338ef5c68af4fd2908739c09e51f186e1d90958c68cc1",
                "sha256:0dcfa684966f25b335072115de2f920228a3c2caf79d4bfa2b30f6e4f674a948",
                "sha256:100431e04d25a522ef2c3b94f294c4219c4de3bfc7d557b6253296145a144c11",
                "sha256:120f2dda469b28d12ccff7c2230225162e174657b49cf4cd119db525414ae281",
                "sha256:122171ff47d96ed8dd4bba6c0e41d8afaba3e8194949f7720431a62aa29d8895",
                "sha256:13c275b483a052dd645eb2cb60d6380f1f5215e4c22d6207e17b86be6dd87ffa",
                "sha256:13c345e7278c210317e77e1934b27b61394fee0dec2e8bd47e71570900f75823",
                "sha256:1f669212c390eebfbe03c4e20181f5970b82c5d0a0ad1df1785f7ffbe7d61150",
                "sha256:1fb8de899f0145d6c4d5d4bd0ee88a78eb980a7ffabd51e9889251b8f58f1785",
                "sha256:204b79b30a0e6be0dc2301a4d385bb61472809f09c49f400497f1cdd5a165c66",
                "sha256:22c17c96143c2a62dfd61b13803bc5de2ac526b8768d2141c018b965d0333b66",
                "sha256:23142a8af92a13fc1e3f2ca1d940df3dcf2af1d176be41fe8d89e30a837a0b60",
                "sha256:3d22c53f0ec5c18ecb3d92aa9420563b1c5d657d53f01356114978107b00b860",
                "sha256:3dc8043959b50141df58ab4f398e8ae84c6f9e673a2c9407be65fc789138f4a6",
                "sha256:3ea635101b739c12effd189cc19b2671c268abb03013fd1f6321ca29df3ca625",
                "sha256:41afc0d3c18b59eb50970479a9c0e5544fb4b95e3a79cf2fbaece6ddefb926fe",
                "sha256:4664dedcd5933364756d7251a7ea86d60246ccf73a2e00912872dacbfcef8978",
                "sha256:466f836dbcf86de3f9692097a7a01533dc9926986022c6617dc364a402b265c5",
                "sha256:467d28112c7faa29b7db743f40803d927c8591e9da02b6ce3d5fadc170a542a2",
                "sha256:47de0bbccf4c8a9f99d82d225f7672b9dd690d8fd872007b933ef51a302c9fa6",
                "sha256:484025d2eb8f6348f7876fc5a2ee742f568915039fcb31b478fd5c242bb0fe3a",
                "sha256:48727d7d405d03977d01885f317328dc21d639096308de126c2c4e9950cbd3c9",
                "sha256:4b182791c41c5eb1d9ed736f0ff81694b06937ca14b0d4dadde5dadba7ff6dae",
                "sha256:4c6efcbb5687cf8d2aedcc2c3ed4ac6feae90b8547427d417111194873b66b06",
                "sha256:4ea3a86405baa8eb0d3639ced6926ad03e07113de54cb00fd7510cb0db76a89d",
                "sha256:50a196af0ce657fcde9bf8a0bbe1032e22c64d8fcec2bc926a35e7ff68b3a166",
                "sha256:50da7a9edf371441dfcc56288d790985ee9840d982750580710a9789b8f4a290",
                "sha256:51b99cfac514173d7b8abdfe10338193e8a0eccdfe1870b646009d2fb7cbe4b5",
                "sha256:54a6dd7b478e6eb01ce15b3bb5bf771e108c6c148315bf194eb2ab776a3cac4d",
                "sha256:562eaf820de045eb487afaa37e6293fe7eceb5b25e158b5a1974b7e40bf04543",
                "sha256:5a8dffb5f5b3415a4669d25de48b617fd9d44b0bccfc4c2ab24b06406ecc9ecb",
                "sha256:5b5cff42a522a0d81c2ae7eae5e56d0ee7365e0c4ad50c4de467d8957aff4414",
                "sha256:63482db3fadebadc1d01ad33afa6045ebe2ea528eb77ccaabd33ee7d9c2bad48",
                "sha256:6ca41fa40fa019cde42c21add74aadd775e71458051a15a352eabeb12eb4d084",
                "sha256:6eecb343c70629f5af55a8b3e53264e44fa04e155ef7989de13668a0cb102a90",
                "sha256:719c32147ba29528cb451f037bf837dcdda4ff3ddb6cdb12c4216b0973174718",
                "sha256:77c8006c12154c37691b24ff293c077300c22944018c3ff70094a33e10c1d795",
                "sha256:793c80a3d6b0b0e8196a2d5de37a08330125668c8012922685e17aa9108c33ac",
                "sha256:7d99b91e42217d7b4b63354b15b41ce960e27d216783e04c4a350224d55842a4",
                "sha256:82f794d564f4bc76b80c50b03267fe5d6589e93f08e66b7a2f674faa2fa76ebc",
                "sha256:83a29cc7b21b746cb6a480189e49f49b2072812c445e66a9e38d2004d496b81c",
                "sha256:869f6d5537d243080f44253491bb30aa1ec3c21754003b3bddeadedeb65842b0",
                "sha256:8854969e7480e8d61ed7549eb232d95082a743e94138d98d7222ba4e9f7ecacd",
                "sha256:898636a06d9bf575d2c594129085ad6b713414038276a4bfc5db7646b8a5be78",
                "sha256:8e0bb6102ebe2efecf8a3292c6660a0e6fac98176af6de67f020bea1c2343717",
                "sha256:8fed69bbaa307040c62195a269f82fc3edf46b510a17abb6b30a15d7dab548df",
                "sha256:9862db92ef67a8a02e0d5370f07d380e14577ecb281b79720e0d7a89aedb9ee5",
                "sha256:98a152052b8878e5e43a2e3a14075218adafc759547c98668a21e9485882696c",
                "sha256:99516d99316062824a24d145d694f5b0d030c80da693ea6f8c4ecf71a251d8bb",
                "sha256:9b285ef6bf1581310b0d5e8f6ce64f790a1c40e89c660e1320b35f7515433672",
                "sha256:a131377493a59fb0f5eaeb2afd49c6540cafcfba5b0b3752bed707be9e7c4eaf",
                "sha256:a1c81c89ed765198da27412aa21478f30d54ef69bf5e4480089d9c3f77b8f882",
                "sha256:a2537b2cd98192323fce4244c8edbf11f3cac548a9d633dbbb12b48702f379f4",
                "sha256:a41be8af1fd78ca97bc948d789a09b730d1e7587d07ca53af05758f31f4b985d",
                "sha256:a631e2990b8be23178f655cae8ac6c7422af478c420dd54e25f2e26c29e766f1",
                "sha256:a6a49ef161739f8018c69b371528bdb47d7342edfdee9ddc75a4d8caddf45a6e",
                "sha256:ac6d929cb33dd12ad3424b75725975f0a54b5b12dbff95f2a2d660c510aa106d",
                "sha256:b23291951959141173eec10f8573538e9349fa27f47a0c34323d1970bf891ee5",
                "sha256:ba9fc605ac558f0de67463fb588722878641e6fa1dabcda979e8e69ff581d0bd",
                "sha256:bdc144d56333c52c853c31b4e2e52cfbdb22d3da4374c00f5f3d67c42158970f",
                "sha256:c073848d2b1d5561f3903879ccf4e1a70c9b1e7566c7bdcc98d082fa3e7f0a1d",
                "sha256:c1018cc7f12824506f165027eabb302735b49e63af73eb4d5450c66c88f47026",
                "sha256:c3ece960008dab66c6b8bb3a1350764677ee7c74ccd6270aaf1b1caf9ccebb46",
                "sha256:c3fdad75e7837a475900a1d3a5cc09aa024293c3b0605155da2d42f41bc0e482",
                "sha256:c8a1df39d74ec507d79c7a82c8063eee60bf80537cdeee652f576059b9cdd15c",
                "sha256:c8a91e9520fbc65a799943e5c970ffbcd67905744d8becf2e75f9f0a5e8414f0",
                "sha256:d10fcd9e0eeab835f492832b2a6edb5940e2f1230155f33006a8dfd3bd2c94e4",
                "sha256:d435ae89073d7cd51e6b6bf78369c412216261c9c01662e7008ff00978153729",
                "sha256:d7a4c1791d7aa7e192f60fe028ae409f18ccdd540f8b1e6aeb0df7816c77e4a4",
                "sha256:dc384874a719c767b50a30750f937af18842ee5e288afba95a5a3ed703b1515a",
                "sha256:df274e3abb4df40f4c7274dd3e587dfbb25691826c948bc98d5fead019dfb001",
                "sha256:e069967cbd5e1900aafc4b5943888f6d34937fc59bf8918a1a546cb729b4b1e4",
                "sha256:e194a0d5df9456995d8f510eab9f529213e7326af6b94770abf8f8b7952ddcaa",
                "sha256:e1a9c14ae9573d172dc050a6f63a644457df5d01ec4d35a6a0f097f812930f83",
                "sha256:e241fab6332e8fb5f14af00a4a9c6aefa22f19a336c069b7ddbf28ef8341e8d6",
                "sha256:e421ac9e4b5efc11705a0d5149e641d4defdc07077f748667f359e60dc904420",
                "sha256:e43679eca508ba8240d016d8cca9d27342d70184773c15bea78a23c87a1922f1",
                "sha256:e584fe5f4e6681d8762982be055f1534e0170f6308a7a90f58d737bab12ff6a8",
                "sha256:f114a6c86edbf17554672b050cce72abf489fe58d583c7921904d5f1c9691605",
                "sha256:f2f312eef8aafc2255e3585dcf94d5da116c43ef837db91db9ecdc1bc930072d",
                "sha256:f359175197fd833c8dd7a8c288f1516be45415bb5c939862ab60c2918e1e1943",
                "sha256:f75999ae00a920f7dce6ecae76fa5e8674a3110e5a75f12c7a2c75ae1af53396",
                "sha256:f91456507427ba36fd81b2ca11053a8e112c775325acc74e993201ea912d63e9",
                "sha256:fa1fcad89d8a41d8dc10b1e54951ec1e161deabd84ed5a2c95c3c7213bdb3514",
                "sha256:fa86bf9a0ed339ec9e8a9a9d0ae4dccd8671625c83f9f9f2640729b15e07fbfd",
                "sha256:fcdb552ffd97151dab8e7bc3ab556dfa1512556b48a367db94b5c20253a35ee1",
                "sha256:fcecbd39bd42cef905c0b51c9689c39d0cc8b88b1671e7f40d4fb213423aef3a",
                "sha256:fe91d62b0594db5ea7d23fc2192182b1a7b6973f628a9b8b2e0a42a2be721ac6",
                "sha256:fed8581ae26345dea1f1e0d1a96e05041a727a45e7d8d459164583e23c6ac441"
            ],
            "version": "==3.0.0"
        },
        "httpcore": {
            "hashes": [
                "sha256:34a38e2f9291467ee3b44e89dd52615370e152954ba21721378a87b2960f7a61",
                "sha256:421f18bac248b25d310f3cacd198d55b8e6125c107797b609ff9b7a6ba7991b5"
            ],
            "markers": "python_version >= '3.8'",
            "version": "==1.0.5"
        },
        "httpx": {
            "hashes": [
                "sha256:71d5465162c13681bff01ad59b2cc68dd838ea1f10e51574bac27103f00c91a5",
                "sha256:a0cb88a46f32dc874e04ee956e4c2764aba2aa228f650b06788ba6bda2962ab5"
            ],
            "markers": "python_version >= '3.8'",
            "version": "==0.27.0"
        },
        "idna": {
            "hashes": [
                "sha256:028ff3aadf0609c1fd278d8ea3089299412a7a8b9bd005dd08b9f8285bcb5cfc",
                "sha256:82fee1fc78add43492d3a1898bfa6d8a904cc97d8427f683ed8e798d07761aa0"
            ],
            "markers": "python_version >= '3.5'",
            "version": "==3.7"
        },
        "itsdangerous": {
            "hashes": [
                "sha256:c6242fc49e35958c8b15141343aa660db5fc54d4f13a1db01a3f5891b98700ef",
                "sha256:e0050c0b7da1eea53ffaf149c0cfbb5c6e2e2b69c4bef22c81fa6eb73e5f6173"
            ],
            "markers": "python_version >= '3.8'",
            "version": "==2.2.0"
        },
        "jinja2": {
            "hashes": [
                "sha256:4a3aee7acbbe7303aede8e9648d13b8bf88a429282aa6122a993f0ac800cb369",
                "sha256:bc5dd2abb727a5319567b7a813e6a2e7318c39f4f487cfe6c89c6f9c7d25197d"
            ],
            "markers": "python_version >= '3.7'",
            "version": "==3.1.4"
        },
        "markupsafe": {
            "hashes": [
                "sha256:00e046b6dd71aa03a41079792f8473dc494d564611a8f89bbbd7cb93295ebdcf",
                "sha256:075202fa5b72c86ad32dc7d0b56024ebdbcf2048c0ba09f1cde31bfdd57bcfff",
                "sha256:0e397ac966fdf721b2c528cf028494e86172b4feba51d65f81ffd65c63798f3f",
                "sha256:17b950fccb810b3293638215058e432159d2b71005c74371d784862b7e4683f3",
                "sha256:1f3fbcb7ef1f16e48246f704ab79d79da8a46891e2da03f8783a5b6fa41a9532",
                "sha256:2174c595a0d73a3080ca3257b40096db99799265e1c27cc5a610743acd86d62f",
                "sha256:2b7c57a4dfc4f16f7142221afe5ba4e093e09e728ca65c51f5620c9aaeb9a617",
                "sha256:2d2d793e36e230fd32babe143b04cec8a8b3eb8a3122d2aceb4a371e6b09b8df",
                "sha256:30b600cf0a7ac9234b2638fbc0fb6158ba5bdcdf46aeb631ead21248b9affbc4",
                "sha256:397081c1a0bfb5124355710fe79478cdbeb39626492b15d399526ae53422b906",
                "sha256:3a57fdd7ce31c7ff06cdfbf31dafa96cc533c21e443d57f5b1ecc6cdc668ec7f",
                "sha256:3c6b973f22eb18a789b1460b4b91bf04ae3f0c4234a0a6aa6b0a92f6f7b951d4",
                "sha256:3e53af139f8579a6d5f7b76549125f0d94d7e630761a2111bc431fd820e163b8",
                "sha256:4096e9de5c6fdf43fb4f04c26fb114f61ef0bf2e5604b6ee3019d51b69e8c371",
                "sha256:4275d846e41ecefa46e2015117a9f491e57a71ddd59bbead77e904dc02b1bed2",
                "sha256:4c31f53cdae6ecfa91a77820e8b151dba54ab528ba65dfd235c80b086d68a465",
                "sha256:4f11aa001c540f62c6166c7726f71f7573b52c68c31f014c25cc7901deea0b52",
                "sha256:5049256f536511ee3f7e1b3f87d1d1209d327e818e6ae1365e8653d7e3abb6a6",
                "sha256:58c98fee265677f63a4385256a6d7683ab1832f3ddd1e66fe948d5880c21a169",
                "sha256:598e3276b64aff0e7b3451b72e94fa3c238d452e7ddcd893c3ab324717456bad",
                "sha256:5b7b716f97b52c5a14bffdf688f971b2d5ef4029127f1ad7a513973cfd818df2",
                "sha256:5dedb4db619ba5a2787a94d877bc8ffc0566f92a01c0ef214865e54ecc9ee5e0",
                "sha256:619bc166c4f2de5caa5a633b8b7326fbe98e0ccbfacabd87268a2b15ff73a029",
                "sha256:629ddd2ca402ae6dbedfceeba9c46d5f7b2a61d9749597d4307f943ef198fc1f",
                "sha256:656f7526c69fac7f600bd1f400991cc282b417d17539a1b228617081106feb4a",
                "sha256:6ec585f69cec0aa07d945b20805be741395e28ac1627333b1c5b0105962ffced",
                "sha256:72b6be590cc35924b02c78ef34b467da4ba07e4e0f0454a2c5907f473fc50ce5",
                "sha256:7502934a33b54030eaf1194c21c692a534196063db72176b0c4028e140f8f32c",
                "sha256:7a68b554d356a91cce1236aa7682dc01df0edba8d043fd1ce607c49dd3c1edcf",
                "sha256:7b2e5a267c855eea6b4283940daa6e88a285f5f2a67f2220203786dfa59b37e9",
                "sha256:823b65d8706e32ad2df51ed89496147a42a2a6e01c13cfb6ffb8b1e92bc910bb",
                "sha256:8590b4ae07a35970728874632fed7bd57b26b0102df2d2b233b6d9d82f6c62ad",
                "sha256:8dd717634f5a044f860435c1d8c16a270ddf0ef8588d4887037c5028b859b0c3",
                "sha256:8dec4936e9c3100156f8a2dc89c4b88d5c435175ff03413b443469c7c8c5f4d1",
                "sha256:97cafb1f3cbcd3fd2b6fbfb99ae11cdb14deea0736fc2b0952ee177f2b813a46",
                "sha256:a17a92de5231666cfbe003f0e4b9b3a7ae3afb1ec2845aadc2bacc93ff85febc",
                "sha256:a549b9c31bec33820e885335b451286e2969a2d9e24879f83fe904a5ce59d70a",
                "sha256:ac07bad82163452a6884fe8fa0963fb98c2346ba78d779ec06bd7a6262132aee",
                "sha256:ae2ad8ae6ebee9d2d94b17fb62763125f3f374c25618198f40cbb8b525411900",
                "sha256:b91c037585eba9095565a3556f611e3cbfaa42ca1e865f7b8015fe5c7336d5a5",
                "sha256:bc1667f8b83f48511b94671e0e441401371dfd0f0a795c7daa4a3cd1dde55bea",
                "sha256:bec0a414d016ac1a18862a519e54b2fd0fc8bbfd6890376898a6c0891dd82e9f",
                "sha256:bf50cd79a75d181c9181df03572cdce0fbb75cc353bc350712073108cba98de5",
                "sha256:bff1b4290a66b490a2f4719358c0cdcd9bafb6b8f061e45c7a2460866bf50c2e",
                "sha256:c061bb86a71b42465156a3ee7bd58c8c2ceacdbeb95d05a99893e08b8467359a",
                "sha256:c8b29db45f8fe46ad280a7294f5c3ec36dbac9491f2d1c17345be8e69cc5928f",
                "sha256:ce409136744f6521e39fd8e2a24c53fa18ad67aa5bc7c2cf83645cce5b5c4e50",
                "sha256:d050b3361367a06d752db6ead6e7edeb0009be66bc3bae0ee9d97fb326badc2a",
                "sha256:d283d37a890ba4c1ae73ffadf8046435c76e7bc2247bbb63c00bd1a709c6544b",
                "sha256:d9fad5155d72433c921b782e58892377c44bd6252b5af2f67f16b194987338a4",
                "sha256:daa4ee5a243f0f20d528d939d06670a298dd39b1ad5f8a72a4275124a7819eff",
                "sha256:db0b55e0f3cc0be60c1f19efdde9a637c32740486004f20d1cff53c3c0ece4d2",
                "sha256:e61659ba32cf2cf1481e575d0462554625196a1f2fc06a1c777d3f48e8865d46",
                "sha256:ea3d8a3d18833cf4304cd2fc9cbb1efe188ca9b5efef2bdac7adc20594a0e46b",
                "sha256:ec6a563cff360b50eed26f13adc43e61bc0c04d94b8be985e6fb24b81f6dcfdf",
                "sha256:f5dfb42c4604dddc8e4305050aa6deb084540643ed5804d7455b5df8fe16f5e5",
                "sha256:fa173ec60341d6bb97a89f5ea19c85c5643c1e7dedebc22f5181eb73573142c5",
                "sha256:fa9db3f79de01457b03d4f01b34cf91bc0048eb2c3846ff26f66687c2f6d16ab",
                "sha256:fce659a462a1be54d2ffcacea5e3ba2d74daa74f30f5f143fe0c58636e355fdd",
                "sha256:ffee1f21e5ef0d712f9033568f8344d5da8cc2869dbd08d87c84656e6a2d2f68"
            ],
            "markers": "python_version >= '3.7'",
            "version": "==2.1.5"
        },
        "openai": {
            "hashes": [
                "sha256:9a6adda0d6ae8fce02d235c5671c399cfa40d6a281b3628914c7ebf244888ee3",
                "sha256:faf87206785a6b5d9e34555d6a3242482a6852bc802e453e2a891f68ee04ce55"
            ],
            "index": "pypi",
            "markers": "python_full_version >= '3.7.1'",
            "version": "==1.37.1"
        },
        "orjson": {
            "hashes": [
                "sha256:03c95484d53ed8e479cade8628c9cea00fd9d67f5554764a1110e0d5aa2de96e",
                "sha256:05ac3d3916023745aa3b3b388e91b9166be1ca02b7c7e41045da6d12985685f0",
                "sha256:0943e4c701196b23c240b3d10ed8ecd674f03089198cf503105b474a4f77f21f",
                "sha256:1335d4ef59ab85cab66fe73fd7a4e881c298ee7f63ede918b7faa1b27cbe5212",
                "sha256:1c680b269d33ec444afe2bdc647c9eb73166fa47a16d9a75ee56a374f4a45f43",
                "sha256:227df19441372610b20e05bdb906e1742ec2ad7a66ac8350dcfd29a63014a83b",
                "sha256:30b0a09a2014e621b1adf66a4f705f0809358350a757508ee80209b2d8dae219",
                "sha256:3722fddb821b6036fd2a3c814f6bd9b57a89dc6337b9924ecd614ebce3271394",
                "sha256:446dee5a491b5bc7d8f825d80d9637e7af43f86a331207b9c9610e2f93fee22a",
                "sha256:450e39ab1f7694465060a0550b3f6d328d20297bf2e06aa947b97c21e5241fbd",
                "sha256:49e3bc615652617d463069f91b867a4458114c5b104e13b7ae6872e5f79d0844",
                "sha256:4bbc6d0af24c1575edc79994c20e1b29e6fb3c6a570371306db0993ecf144dc5",
                "sha256:5410111d7b6681d4b0d65e0f58a13be588d01b473822483f77f513c7f93bd3b2",
                "sha256:55d43d3feb8f19d07e9f01e5b9be4f28801cf7c60d0fa0d279951b18fae1932b",
                "sha256:57985ee7e91d6214c837936dc1608f40f330a6b88bb13f5a57ce5257807da143",
                "sha256:61272a5aec2b2661f4fa2b37c907ce9701e821b2c1285d5c3ab0207ebd358d38",
                "sha256:633a3b31d9d7c9f02d49c4ab4d0a86065c4a6f6adc297d63d272e043472acab5",
                "sha256:64c81456d2a050d380786413786b057983892db105516639cb5d3ee3c7fd5148",
                "sha256:66680eae4c4e7fc193d91cfc1353ad6d01b4801ae9b5314f17e11ba55e934183",
                "sha256:697a35a083c4f834807a6232b3e62c8b280f7a44ad0b759fd4dce748951e70db",
                "sha256:6eeb13218c8cf34c61912e9df2de2853f1d009de0e46ea09ccdf3d757896af0a",
                "sha256:7275664f84e027dcb1ad5200b8b18373e9c669b2a9ec33d410c40f5ccf4b257e",
                "sha256:738dbe3ef909c4b019d69afc19caf6b5ed0e2f1c786b5d6215fbb7539246e4c6",
                "sha256:79b9b9e33bd4c517445a62b90ca0cc279b0f1f3970655c3df9e608bc3f91741a",
                "sha256:874ce88264b7e655dde4aeaacdc8fd772a7962faadfb41abe63e2a4861abc3dc",
                "sha256:95a0cce17f969fb5391762e5719575217bd10ac5a189d1979442ee54456393f3",
                "sha256:960db0e31c4e52fa0fc3ecbaea5b2d3b58f379e32a95ae6b0ebeaa25b93dfd34",
                "sha256:965a916373382674e323c957d560b953d81d7a8603fbeee26f7b8248638bd48b",
                "sha256:9c1c4b53b24a4c06547ce43e5fee6ec4e0d8fe2d597f4647fc033fd205707365",
                "sha256:a2debd8ddce948a8c0938c8c93ade191d2f4ba4649a54302a7da905a81f00b56",
                "sha256:a6ea7afb5b30b2317e0bee03c8d34c8181bc5a36f2afd4d0952f378972c4efd5",
                "sha256:ac3045267e98fe749408eee1593a142e02357c5c99be0802185ef2170086a863",
                "sha256:b1ec490e10d2a77c345def52599311849fc063ae0e67cf4f84528073152bb2ba",
                "sha256:b6f3d167d13a16ed263b52dbfedff52c962bfd3d270b46b7518365bcc2121eed",
                "sha256:bb1f28a137337fdc18384079fa5726810681055b32b92253fa15ae5656e1dddb",
                "sha256:bf2fbbce5fe7cd1aa177ea3eab2b8e6a6bc6e8592e4279ed3db2d62e57c0e1b2",
                "sha256:c27bc6a28ae95923350ab382c57113abd38f3928af3c80be6f2ba7eb8d8db0b0",
                "sha256:c2c116072a8533f2fec435fde4d134610f806bdac20188c7bd2081f3e9e0133f",
                "sha256:caff75b425db5ef8e8f23af93c80f072f97b4fb3afd4af44482905c9f588da28",
                "sha256:d27456491ca79532d11e507cadca37fb8c9324a3976294f68fb1eff2dc6ced5a",
                "sha256:d40f839dddf6a7d77114fe6b8a70218556408c71d4d6e29413bb5f150a692ff7",
                "sha256:df25d9271270ba2133cc88ee83c318372bdc0f2cd6f32e7a450809a111efc45c",
                "sha256:e060748a04cccf1e0a6f2358dffea9c080b849a4a68c28b1b907f272b5127e9b",
                "sha256:e54b63d0a7c6c54a5f5f726bc93a2078111ef060fec4ecbf34c5db800ca3b3a7",
                "sha256:ea2977b21f8d5d9b758bb3f344a75e55ca78e3ff85595d248eee813ae23ecdfb",
                "sha256:eadc8fd310edb4bdbd333374f2c8fec6794bbbae99b592f448d8214a5e4050c0",
                "sha256:f215789fb1667cdc874c1b8af6a84dc939fd802bf293a8334fce185c79cd359b",
                "sha256:f710f346e4c44a4e8bdf23daa974faede58f83334289df80bc9cd12fe82573c7",
                "sha256:f759503a97a6ace19e55461395ab0d618b5a117e8d0fbb20e70cfd68a47327f2",
                "sha256:fb0ee33124db6eaa517d00890fc1a55c3bfe1cf78ba4a8899d71a06f2d6ff5c7",
                "sha256:fd502f96bf5ea9a61cbc0b2b5900d0dd68aa0da197179042bdd2be67e51a1e4b"
            ],
            "index": "pypi",
            "markers": "python_version >= '3.8'",
            "version": "==3.10.6"
        },
        "pydantic": {
            "hashes": [
                "sha256:6f62c13d067b0755ad1c21a34bdd06c0c12625a22b0fc09c6b149816604f7c2a",
                "sha256:73ee9fddd406dc318b885c7a2eab8a6472b68b8fb5ba8150949fc3db939f23c8"
            ],
            "markers": "python_version >= '3.8'",
            "version": "==2.8.2"
        },
        "pydantic-core": {
            "hashes": [
                "sha256:035ede2e16da7281041f0e626459bcae33ed998cca6a0a007a5ebb73414ac72d",
                "sha256:04024d270cf63f586ad41fff13fde4311c4fc13ea74676962c876d9577bcc78f",
                "sha256:0827505a5c87e8aa285dc31e9ec7f4a17c81a813d45f70b1d9164e03a813a686",
                "sha256:084659fac3c83fd674596612aeff6041a18402f1e1bc19ca39e417d554468482",
                "sha256:10d4204d8ca33146e761c79f83cc861df20e7ae9f6487ca290a97702daf56006",
                "sha256:11b71d67b4725e7e2a9f6e9c0ac1239bbc0c48cce3dc59f98635efc57d6dac83",
                "sha256:150906b40ff188a3260cbee25380e7494ee85048584998c1e66df0c7a11c17a6",
                "sha256:175873691124f3d0da55aeea1d90660a6ea7a3cfea137c38afa0a5ffabe37b88",
                "sha256:177f55a886d74f1808763976ac4efd29b7ed15c69f4d838bbd74d9d09cf6fa86",
                "sha256:19c0fa39fa154e7e0b7f82f88ef85faa2a4c23cc65aae2f5aea625e3c13c735a",
                "sha256:1eedfeb6089ed3fad42e81a67755846ad4dcc14d73698c120a82e4ccf0f1f9f6",
                "sha256:225b67a1f6d602de0ce7f6c1c3ae89a4aa25d3de9be857999e9124f15dab486a",
                "sha256:242b8feb3c493ab78be289c034a1f659e8826e2233786e36f2893a950a719bb6",
                "sha256:254ec27fdb5b1ee60684f91683be95e5133c994cc54e86a0b0963afa25c8f8a6",
                "sha256:25e9185e2d06c16ee438ed39bf62935ec436474a6ac4f9358524220f1b236e43",
                "sha256:26ab812fa0c845df815e506be30337e2df27e88399b985d0bb4e3ecfe72df31c",
                "sha256:26ca695eeee5f9f1aeeb211ffc12f10bcb6f71e2989988fda61dabd65db878d4",
                "sha256:26dc97754b57d2fd00ac2b24dfa341abffc380b823211994c4efac7f13b9e90e",
                "sha256:270755f15174fb983890c49881e93f8f1b80f0b5e3a3cc1394a255706cabd203",
                "sha256:2aafc5a503855ea5885559eae883978c9b6d8c8993d67766ee73d82e841300dd",
                "sha256:2d036c7187b9422ae5b262badb87a20a49eb6c5238b2004e96d4da1231badef1",
                "sha256:33499e85e739a4b60c9dac710c20a08dc73cb3240c9a0e22325e671b27b70d24",
                "sha256:37eee5b638f0e0dcd18d21f59b679686bbd18917b87db0193ae36f9c23c355fc",
                "sha256:38cf1c40a921d05c5edc61a785c0ddb4bed67827069f535d794ce6bcded919fc",
                "sha256:3acae97ffd19bf091c72df4d726d552c473f3576409b2a7ca36b2f535ffff4a3",
                "sha256:3c5ebac750d9d5f2706654c638c041635c385596caf68f81342011ddfa1e5598",
                "sha256:3d482efec8b7dc6bfaedc0f166b2ce349df0011f5d2f1f25537ced4cfc34fd98",
                "sha256:407653af5617f0757261ae249d3fba09504d7a71ab36ac057c938572d1bc9331",
                "sha256:40a783fb7ee353c50bd3853e626f15677ea527ae556429453685ae32280c19c2",
                "sha256:41e81317dd6a0127cabce83c0c9c3fbecceae981c8391e6f1dec88a77c8a569a",
                "sha256:41f4c96227a67a013e7de5ff8f20fb496ce573893b7f4f2707d065907bffdbd6",
                "sha256:469f29f9093c9d834432034d33f5fe45699e664f12a13bf38c04967ce233d688",
                "sha256:4745f4ac52cc6686390c40eaa01d48b18997cb130833154801a442323cc78f91",
                "sha256:4868f6bd7c9d98904b748a2653031fc9c2f85b6237009d475b1008bfaeb0a5aa",
                "sha256:4aa223cd1e36b642092c326d694d8bf59b71ddddc94cdb752bbbb1c5c91d833b",
                "sha256:4dd484681c15e6b9a977c785a345d3e378d72678fd5f1f3c0509608da24f2ac0",
                "sha256:4f2790949cf385d985a31984907fecb3896999329103df4e4983a4a41e13e840",
                "sha256:512ecfbefef6dac7bc5eaaf46177b2de58cdf7acac8793fe033b24ece0b9566c",
                "sha256:516d9227919612425c8ef1c9b869bbbee249bc91912c8aaffb66116c0b447ebd",
                "sha256:53e431da3fc53360db73eedf6f7124d1076e1b4ee4276b36fb25514544ceb4a3",
                "sha256:595ba5be69b35777474fa07f80fc260ea71255656191adb22a8c53aba4479231",
                "sha256:5b5ff4911aea936a47d9376fd3ab17e970cc543d1b68921886e7f64bd28308d1",
                "sha256:5d41e6daee2813ecceea8eda38062d69e280b39df793f5a942fa515b8ed67953",
                "sha256:5e999ba8dd90e93d57410c5e67ebb67ffcaadcea0ad973240fdfd3a135506250",
                "sha256:5f239eb799a2081495ea659d8d4a43a8f42cd1fe9ff2e7e436295c38a10c286a",
                "sha256:635fee4e041ab9c479e31edda27fcf966ea9614fff1317e280d99eb3e5ab6fe2",
                "sha256:65db0f2eefcaad1a3950f498aabb4875c8890438bc80b19362cf633b87a8ab20",
                "sha256:6b507132dcfc0dea440cce23ee2182c0ce7aba7054576efc65634f080dbe9434",
                "sha256:6b9d9bb600328a1ce523ab4f454859e9d439150abb0906c5a1983c146580ebab",
                "sha256:70c8daf4faca8da5a6d655f9af86faf6ec2e1768f4b8b9d0226c02f3d6209703",
                "sha256:77bf3ac639c1ff567ae3b47f8d4cc3dc20f9966a2a6dd2311dcc055d3d04fb8a",
                "sha256:784c1214cb6dd1e3b15dd8b91b9a53852aed16671cc3fbe4786f4f1db07089e2",
                "sha256:7eb6a0587eded33aeefea9f916899d42b1799b7b14b8f8ff2753c0ac1741edac",
                "sha256:7ed1b0132f24beeec5a78b67d9388656d03e6a7c837394f99257e2d55b461611",
                "sha256:8ad4aeb3e9a97286573c03df758fc7627aecdd02f1da04516a86dc159bf70121",
                "sha256:964faa8a861d2664f0c7ab0c181af0bea66098b1919439815ca8803ef136fc4e",
                "sha256:9dc1b507c12eb0481d071f3c1808f0529ad41dc415d0ca11f7ebfc666e66a18b",
                "sha256:9ebfef07dbe1d93efb94b4700f2d278494e9162565a54f124c404a5656d7ff09",
                "sha256:a45f84b09ac9c3d35dfcf6a27fd0634d30d183205230a0ebe8373a0e8cfa0906",
                "sha256:a4f55095ad087474999ee28d3398bae183a66be4823f753cd7d67dd0153427c9",
                "sha256:a6d511cc297ff0883bc3708b465ff82d7560193169a8b93260f74ecb0a5e08a7",
                "sha256:a8ad4c766d3f33ba8fd692f9aa297c9058970530a32c728a2c4bfd2616d3358b",
                "sha256:aa2f457b4af386254372dfa78a2eda2563680d982422641a85f271c859df1987",
                "sha256:b03f7941783b4c4a26051846dea594628b38f6940a2fdc0df00b221aed39314c",
                "sha256:b0dae11d8f5ded51699c74d9548dcc5938e0804cc8298ec0aa0da95c21fff57b",
                "sha256:b91ced227c41aa29c672814f50dbb05ec93536abf8f43cd14ec9521ea09afe4e",
                "sha256:bc633a9fe1eb87e250b5c57d389cf28998e4292336926b0b6cdaee353f89a237",
                "sha256:bebb4d6715c814597f85297c332297c6ce81e29436125ca59d1159b07f423eb1",
                "sha256:c336a6d235522a62fef872c6295a42ecb0c4e1d0f1a3e500fe949415761b8a19",
                "sha256:c6514f963b023aeee506678a1cf821fe31159b925c4b76fe2afa94cc70b3222b",
                "sha256:c693e916709c2465b02ca0ad7b387c4f8423d1db7b4649c551f27a529181c5ad",
                "sha256:c81131869240e3e568916ef4c307f8b99583efaa60a8112ef27a366eefba8ef0",
                "sha256:d02a72df14dfdbaf228424573a07af10637bd490f0901cee872c4f434a735b94",
                "sha256:d2a8fa9d6d6f891f3deec72f5cc668e6f66b188ab14bb1ab52422fe8e644f312",
                "sha256:d2b27e6af28f07e2f195552b37d7d66b150adbaa39a6d327766ffd695799780f",
                "sha256:d2fe69c5434391727efa54b47a1e7986bb0186e72a41b203df8f5b0a19a4f669",
                "sha256:d3f3ed29cd9f978c604708511a1f9c2fdcb6c38b9aae36a51905b8811ee5cbf1",
                "sha256:d573faf8eb7e6b1cbbcb4f5b247c60ca8be39fe2c674495df0eb4318303137fe",
                "sha256:e0bbdd76ce9aa5d4209d65f2b27fc6e5ef1312ae6c5333c26db3f5ade53a1e99",
                "sha256:e7c4ea22b6739b162c9ecaaa41d718dfad48a244909fe7ef4b54c0b530effc5a",
                "sha256:e93e1a4b4b33daed65d781a57a522ff153dcf748dee70b40c7258c5861e1768a",
                "sha256:e97fdf088d4b31ff4ba35db26d9cc472ac7ef4a2ff2badeabf8d727b3377fc52",
                "sha256:e9fa4c9bf273ca41f940bceb86922a7667cd5bf90e95dbb157cbb8441008482c",
                "sha256:eaad4ff2de1c3823fddf82f41121bdf453d922e9a238642b1dedb33c4e4f98ad",
                "sha256:f1f62b2413c3a0e846c3b838b2ecd6c7a19ec6793b2a522745b0869e37ab5bc1",
                "sha256:f6d6cff3538391e8486a431569b77921adfcdef14eb18fbf19b7c0a5294d4e6a",
                "sha256:f9aa05d09ecf4c75157197f27cdc9cfaeb7c5f15021c6373932bf3e124af029f",
                "sha256:fa2fddcb7107e0d1808086ca306dcade7df60a13a6c347a7acf1ec139aa6789a",
                "sha256:faa6b09ee09433b87992fb5a2859efd1c264ddc37280d2dd5db502126d0e7f27"
            ],
            "markers": "python_version >= '3.8'",
            "version": "==2.20.1"
        },
        "pydantic-settings": {
            "hashes": [
                "sha256:11ad8bacb68a045f00e4f862c7a718c8a9ec766aa8fd4c32e39a0594b207b53a",
                "sha256:c5802e3d62b78e82522319bbc9b8f8ffb28ad1c988a99311d04f2a6051fca0a7"
            ],
            "index": "pypi",
            "markers": "python_version >= '3.8'",
            "version": "==2.3.4"
        },
        "pymongo": {
            "extras": [
                "srv"
            ],
            "hashes": [
                "sha256:0fc18b3a093f3db008c5fea0e980dbd3b743449eee29b5718bc2dc15ab5088bb",
                "sha256:16e5019f75f6827bb5354b6fef8dfc9d6c7446894a27346e03134d290eb9e758",
                "sha256:180d5eb1dc28b62853e2f88017775c4500b07548ed28c0bd9c005c3d7bc52526",
                "sha256:18c9d8f975dd7194c37193583fd7d1eb9aea0c21ee58955ecf35362239ff31ac",
                "sha256:236bbd7d0aef62e64caf4b24ca200f8c8670d1a6f5ea828c39eccdae423bc2b2",
                "sha256:284d0717d1a7707744018b0b6ee7801b1b1ff044c42f7be7a01bb013de639470",
                "sha256:2ecd71b9226bd1d49416dc9f999772038e56f415a713be51bf18d8676a0841c8",
                "sha256:31e4d21201bdf15064cf47ce7b74722d3e1aea2597c6785882244a3bb58c7eab",
                "sha256:3b5802151fc2b51cd45492c80ed22b441d20090fb76d1fd53cd7760b340ff554",
                "sha256:3c68fe128a171493018ca5c8020fc08675be130d012b7ab3efe9e22698c612a1",
                "sha256:3ed1c316718a2836f7efc3d75b4b0ffdd47894090bc697de8385acd13c513a70",
                "sha256:408b2f8fdbeca3c19e4156f28fff1ab11c3efb0407b60687162d49f68075e63c",
                "sha256:417369ce39af2b7c2a9c7152c1ed2393edfd1cbaf2a356ba31eb8bcbd5c98dd7",
                "sha256:454f2295875744dc70f1881e4b2eb99cdad008a33574bc8aaf120530f66c0cde",
                "sha256:47ec8c3f0a7b2212dbc9be08d3bf17bc89abd211901093e3ef3f2adea7de7a69",
                "sha256:4bf58e6825b93da63e499d1a58de7de563c31e575908d4e24876234ccb910eba",
                "sha256:519d1bab2b5e5218c64340b57d555d89c3f6c9d717cecbf826fb9d42415e7750",
                "sha256:52b4108ac9469febba18cea50db972605cc43978bedaa9fea413378877560ef8",
                "sha256:658d0170f27984e0d89c09fe5c42296613b711a3ffd847eb373b0dbb5b648d5f",
                "sha256:6b50040d9767197b77ed420ada29b3bf18a638f9552d80f2da817b7c4a4c9c68",
                "sha256:7148419eedfea9ecb940961cfe465efaba90595568a1fb97585fb535ea63fe2b",
                "sha256:77f53429515d2b3e86dcc83dadecf7ff881e538c168d575f3688698a8707b80a",
                "sha256:87075a1feb1e602e539bdb1ef8f4324a3427eb0d64208c3182e677d2c0718b6f",
                "sha256:8b18c8324809539c79bd6544d00e0607e98ff833ca21953df001510ca25915d1",
                "sha256:9097c331577cecf8034422956daaba7ec74c26f7b255d718c584faddd7fa2e3c",
                "sha256:920d4f8f157a71b3cb3f39bc09ce070693d6e9648fb0e30d00e2657d1dca4e49",
                "sha256:9365166aa801c63dff1a3cb96e650be270da06e3464ab106727223123405510f",
                "sha256:940d456774b17814bac5ea7fc28188c7a1338d4a233efbb6ba01de957bded2e8",
                "sha256:aec2b9088cdbceb87e6ca9c639d0ff9b9d083594dda5ca5d3c4f6774f4c81b33",
                "sha256:af3e98dd9702b73e4e6fd780f6925352237f5dce8d99405ff1543f3771201704",
                "sha256:b6564780cafd6abeea49759fe661792bd5a67e4f51bca62b88faab497ab5fe89",
                "sha256:b747c0e257b9d3e6495a018309b9e0c93b7f0d65271d1d62e572747f4ffafc88",
                "sha256:bf821bd3befb993a6db17229a2c60c1550e957de02a6ff4dd0af9476637b2e4d",
                "sha256:c6b804bb4f2d9dc389cc9e827d579fa327272cdb0629a99bfe5b83cb3e269ebf",
                "sha256:cc8b8582f4209c2459b04b049ac03c72c618e011d3caa5391ff86d1bda0cc486",
                "sha256:cd39455b7ee70aabee46f7399b32ab38b86b236c069ae559e22be6b46b2bbfc4",
                "sha256:d0cf61450feadca81deb1a1489cb1a3ae1e4266efd51adafecec0e503a8dcd84",
                "sha256:d18d86bc9e103f4d3d4f18b85a0471c0e13ce5b79194e4a0389a224bb70edd53",
                "sha256:d5428dbcd43d02f6306e1c3c95f692f68b284e6ee5390292242f509004c9e3a8",
                "sha256:de3a860f037bb51f968de320baef85090ff0bbb42ec4f28ec6a5ddf88be61871",
                "sha256:e0061af6e8c5e68b13f1ec9ad5251247726653c5af3c0bbdfbca6cf931e99216",
                "sha256:e5df28f74002e37bcbdfdc5109799f670e4dfef0fb527c391ff84f078050e7b5",
                "sha256:e6a720a3d22b54183352dc65f08cd1547204d263e0651b213a0a2e577e838526",
                "sha256:e8400587d594761e5136a3423111f499574be5fd53cf0aefa0d0f05b180710b0",
                "sha256:e84bc7707492f06fbc37a9f215374d2977d21b72e10a67f1b31893ec5a140ad8",
                "sha256:ef7225755ed27bfdb18730c68f6cb023d06c28f2b734597480fb4c0e500feb6f",
                "sha256:f2b7bec27e047e84947fbd41c782f07c54c30c76d14f3b8bf0c89f7413fac67a",
                "sha256:f2fbdb87fe5075c8beb17a5c16348a1ea3c8b282a5cb72d173330be2fecf22f5",
                "sha256:f5bf0eb8b6ef40fa22479f09375468c33bebb7fe49d14d9c96c8fd50355188b0",
                "sha256:fdc20cd1e1141b04696ffcdb7c71e8a4a665db31fe72e51ec706b3bdd2d09f36"
            ],
            "markers": "python_version >= '3.8'",
            "version": "==4.8.0"
        },
        "python-dotenv": {
            "hashes": [
                "sha256:e324ee90a023d808f1959c46bcbc04446a10ced277783dc6ee09987c37ec10ca",
                "sha256:f7b63ef50f1b690dddf550d03497b66d609393b40b564ed0d674909a68ebf16a"
            ],
            "markers": "python_version >= '3.8'",
            "version": "==1.0.1"
        },
        "redis": {
            "extras": [
                "hiredis"
            ],
            "hashes": [
                "sha256:0e479e24da960c690be5d9b96d21f7b918a98c0cf49af3b6fafaa0753f93a0db",
                "sha256:8f611490b93c8109b50adc317b31bfd84fff31def3475b92e7e80bf39f48175b"
            ],
            "markers": "python_version >= '3.7'",
            "version": "==5.0.7"
        },
        "sniffio": {
            "hashes": [
                "sha256:2f6da418d1f1e0fddd844478f41680e794e6051915791a034ff65e5f100525a2",
                "sha256:f4324edc670a0f49750a81b895f35c3adb843cca46f0530f79fc1babb23789dc"
            ],
            "markers": "python_version >= '3.7'",
            "version": "==1.3.1"
        },
        "tqdm": {
            "hashes": [
                "sha256:b75ca56b413b030bc3f00af51fd2c1a1a5eac6a0c1cca83cbb37a5c52abce644",
                "sha256:e4d936c9de8727928f3be6079590e97d9abfe8d39a590be678eb5919ffc186bb"
            ],
            "markers": "python_version >= '3.7'",
            "version": "==4.66.4"
        },
        "typing-extensions": {
            "hashes": [
                "sha256:04e5ca0351e0f3f85c6853954072df659d0d13fac324d0072316b67d7794700d",
                "sha256:1a7ead55c7e559dd4dee8856e3a88b41225abfe1ce8df57b7c13915fe121ffb8"
            ],
            "markers": "python_version >= '3.8'",
            "version": "==4.12.2"
        },
        "werkzeug": {
            "hashes": [
                "sha256:097e5bfda9f0aba8da6b8545146def481d06aa7d3266e7448e2cccf67dd8bd18",
                "sha256:fc9645dc43e03e4d630d23143a04a7f947a9a3b5727cd535fdfe155a17cc48c8"
            ],
            "markers": "python_version >= '3.8'",
            "version": "==3.0.3"
        }
    },
    "develop": {}
}
